
Microsoft Visual Studio Solution File, Format Version 11.00
# Visual Studio 2010
Project("{FAE04EC0-301F-11D3-BF4B-00C04F79EFBC}") = "Diagram Generator", "Diagram Generator\Diagram Generator.csproj", "{1B80561F-AE08-4D20-B82D-24F3AEEDFA39}"
EndProject
Global
	GlobalSection(SolutionConfigurationPlatforms) = preSolution
		Debug|x86 = Debug|x86
		Release|x86 = Release|x86
	EndGlobalSection
	GlobalSection(ProjectConfigurationPlatforms) = postSolution
		{1B80561F-AE08-4D20-B82D-24F3AEEDFA39}.Debug|x86.ActiveCfg = Debug|x86
		{1B80561F-AE08-4D20-B82D-24F3AEEDFA39}.Debug|x86.Build.0 = Debug|x86
		{1B80561F-AE08-4D20-B82D-24F3AEEDFA39}.Release|x86.ActiveCfg = Release|x86
		{1B80561F-AE08-4D20-B82D-24F3AEEDFA39}.Release|x86.Build.0 = Release|x86
	EndGlobalSection
	GlobalSection(SolutionProperties) = preSolution
		HideSolutionNode = FALSE
	EndGlobalSection
EndGlobal
